
Microsoft Visual Studio Solution File, Format Version 12.00
# Visual Studio Version 16
VisualStudioVersion = 16.0.29613.14
MinimumVisualStudioVersion = 10.0.40219.1
Project("{8BC9CEB8-8B4A-11D0-8D11-00A0C91BC942}") = "Step1", "Step1\Step1.vcxproj", "{D244AC28-6C2B-4855-9273-EB14B19EFDC4}"
EndProject
Global
	GlobalSection(SolutionConfigurationPlatforms) = preSolution
		Debug|x64 = Debug|x64
		Debug|x86 = Debug|x86
		Release|x64 = Release|x64
		Release|x86 = Release|x86
	EndGlobalSection
	GlobalSection(ProjectConfigurationPlatforms) = postSolution
		{D244AC28-6C2B-4855-9273-EB14B19EFDC4}.Debug|x64.ActiveCfg = Debug|x64
		{D244AC28-6C2B-4855-9273-EB14B19EFDC4}.Debug|x64.Build.0 = Debug|x64
		{D244AC28-6C2B-4855-9273-EB14B19EFDC4}.Debug|x86.ActiveCfg = Debug|Win32
		{D244AC28-6C2B-4855-9273-EB14B19EFDC4}.Debug|x86.Build.0 = Debug|Win32
		{D244AC28-6C2B-4855-9273-EB14B19EFDC4}.Release|x64.ActiveCfg = Release|x64
		{D244AC28-6C2B-4855-9273-EB14B19EFDC4}.Release|x64.Build.0 = Release|x64
		{D244AC28-6C2B-4855-9273-EB14B19EFDC4}.Release|x86.ActiveCfg = Release|Win32
		{D244AC28-6C2B-4855-9273-EB14B19EFDC4}.Release|x86.Build.0 = Release|Win32
	EndGlobalSection
	GlobalSection(SolutionProperties) = preSolution
		HideSolutionNode = FALSE
	EndGlobalSection
	GlobalSection(ExtensibilityGlobals) = postSolution
		SolutionGuid = {7B9957D7-E620-4315-92BE-BDAB95966640}
	EndGlobalSection
EndGlobal
